{
	"name": "picamera-client",
	"version": "2.0.0",
	"lockfileVersion": 3,
	"requires": true,
	"packages": {
		"": {
			"name": "picamera-client",
			"version": "2.0.0",
			"license": "ISC",
			"dependencies": {
				"axios": "^0.21.1",
				"rxjs": "^6.6.3"
			},
			"devDependencies": {
				"@types/axios": "^0.14.0",
				"@types/node": "^14.14.31",
				"typescript": "^5.2.2"
			}
		},
		"node_modules/@types/axios": {
			"version": "0.14.0",
			"resolved": "https://registry.npmjs.org/@types/axios/-/axios-0.14.0.tgz",
			"integrity": "sha512-KqQnQbdYE54D7oa/UmYVMZKq7CO4l8DEENzOKc4aBRwxCXSlJXGz83flFx5L7AWrOQnmuN3kVsRdt+GZPPjiVQ==",
			"deprecated": "This is a stub types definition for axios (https://github.com/mzabriskie/axios). axios provides its own type definitions, so you don't need @types/axios installed!",
			"dev": true,
			"dependencies": {
				"axios": "*"
			}
		},
		"node_modules/@types/node": {
			"version": "14.18.56",
			"resolved": "https://registry.npmjs.org/@types/node/-/node-14.18.56.tgz",
			"integrity": "sha512-+k+57NVS9opgrEn5l9c0gvD1r6C+PtyhVE4BTnMMRwiEA8ZO8uFcs6Yy2sXIy0eC95ZurBtRSvhZiHXBysbl6w==",
			"dev": true
		},
		"node_modules/axios": {
			"version": "0.21.4",
			"resolved": "https://registry.npmjs.org/axios/-/axios-0.21.4.tgz",
			"integrity": "sha512-ut5vewkiu8jjGBdqpM44XxjuCjq9LAKeHVmoVfHVzy8eHgxxq8SbAVQNovDA8mVi05kP0Ea/n/UzcSHcTJQfNg==",
			"dependencies": {
				"follow-redirects": "^1.14.0"
			}
		},
		"node_modules/follow-redirects": {
			"version": "1.15.2",
			"resolved": "https://registry.npmjs.org/follow-redirects/-/follow-redirects-1.15.2.tgz",
			"integrity": "sha512-VQLG33o04KaQ8uYi2tVNbdrWp1QWxNNea+nmIB4EVM28v0hmP17z7aG1+wAkNzVq4KeXTq3221ye5qTJP91JwA==",
			"funding": [
				{
					"type": "individual",
					"url": "https://github.com/sponsors/RubenVerborgh"
				}
			],
			"engines": {
				"node": ">=4.0"
			},
			"peerDependenciesMeta": {
				"debug": {
					"optional": true
				}
			}
		},
		"node_modules/rxjs": {
			"version": "6.6.7",
			"resolved": "https://registry.npmjs.org/rxjs/-/rxjs-6.6.7.tgz",
			"integrity": "sha512-hTdwr+7yYNIT5n4AMYp85KA6yw2Va0FLa3Rguvbpa4W3I5xynaBZo41cM3XM+4Q6fRMj3sBYIR1VAmZMXYJvRQ==",
			"dependencies": {
				"tslib": "^1.9.0"
			},
			"engines": {
				"npm": ">=2.0.0"
			}
		},
		"node_modules/tslib": {
			"version": "1.14.1",
			"resolved": "https://registry.npmjs.org/tslib/-/tslib-1.14.1.tgz",
			"integrity": "sha512-Xni35NKzjgMrwevysHTCArtLDpPvye8zV/0E4EyYn43P7/7qvQwPh9BGkHewbMulVntbigmcT7rdX3BNo9wRJg=="
		},
		"node_modules/typescript": {
			"version": "5.2.2",
			"resolved": "https://registry.npmjs.org/typescript/-/typescript-5.2.2.tgz",
			"integrity": "sha512-mI4WrpHsbCIcwT9cF4FZvr80QUeKvsUsUvKDoR+X/7XHQH98xYD8YHZg7ANtz2GtZt/CBq2QJ0thkGJMHfqc1w==",
			"dev": true,
			"bin": {
				"tsc": "bin/tsc",
				"tsserver": "bin/tsserver"
			},
			"engines": {
				"node": ">=14.17"
			}
		}
	}
}
